
Microsoft Visual Studio Solution File, Format Version 12.00
# Visual Studio Version 16
VisualStudioVersion = 16.0.34601.136
MinimumVisualStudioVersion = 10.0.40219.1
Project("{FAE04EC0-301F-11D3-BF4B-00C04F79EFBC}") = "MachineSimulatorA", "..\MachineSimulatorA\MachineSimulatorA.csproj", "{D7081117-8EE4-4875-9010-54BE983627C2}"
EndProject
Project("{FAE04EC0-301F-11D3-BF4B-00C04F79EFBC}") = "MachineSimulatorB", "..\MachineSimulatorB\MachineSimulatorB.csproj", "{D5B837CC-CC3A-4B5D-8EFF-FA305D7619C5}"
EndProject
Project("{FAE04EC0-301F-11D3-BF4B-00C04F79EFBC}") = "Middleware", "..\Middleware\Middleware.csproj", "{91AD2614-22F3-4D7E-B272-8A29D1C1A46D}"
EndProject
Global
	GlobalSection(SolutionConfigurationPlatforms) = preSolution
		Debug|Any CPU = Debug|Any CPU
		Release|Any CPU = Release|Any CPU
	EndGlobalSection
	GlobalSection(ProjectConfigurationPlatforms) = postSolution
		{D7081117-8EE4-4875-9010-54BE983627C2}.Debug|Any CPU.ActiveCfg = Debug|Any CPU
		{D7081117-8EE4-4875-9010-54BE983627C2}.Debug|Any CPU.Build.0 = Debug|Any CPU
		{D7081117-8EE4-4875-9010-54BE983627C2}.Release|Any CPU.ActiveCfg = Release|Any CPU
		{D7081117-8EE4-4875-9010-54BE983627C2}.Release|Any CPU.Build.0 = Release|Any CPU
		{D5B837CC-CC3A-4B5D-8EFF-FA305D7619C5}.Debug|Any CPU.ActiveCfg = Debug|Any CPU
		{D5B837CC-CC3A-4B5D-8EFF-FA305D7619C5}.Debug|Any CPU.Build.0 = Debug|Any CPU
		{D5B837CC-CC3A-4B5D-8EFF-FA305D7619C5}.Release|Any CPU.ActiveCfg = Release|Any CPU
		{D5B837CC-CC3A-4B5D-8EFF-FA305D7619C5}.Release|Any CPU.Build.0 = Release|Any CPU
		{91AD2614-22F3-4D7E-B272-8A29D1C1A46D}.Debug|Any CPU.ActiveCfg = Debug|Any CPU
		{91AD2614-22F3-4D7E-B272-8A29D1C1A46D}.Debug|Any CPU.Build.0 = Debug|Any CPU
		{91AD2614-22F3-4D7E-B272-8A29D1C1A46D}.Release|Any CPU.ActiveCfg = Release|Any CPU
		{91AD2614-22F3-4D7E-B272-8A29D1C1A46D}.Release|Any CPU.Build.0 = Release|Any CPU
	EndGlobalSection
	GlobalSection(SolutionProperties) = preSolution
		HideSolutionNode = FALSE
	EndGlobalSection
	GlobalSection(ExtensibilityGlobals) = postSolution
		SolutionGuid = {182E6579-8BDD-4839-82F8-6D6A0FC1E183}
	EndGlobalSection
EndGlobal
